
Microsoft Visual Studio Solution File, Format Version 12.00
# Visual Studio Version 16
VisualStudioVersion = 16.0.29728.190
MinimumVisualStudioVersion = 10.0.40219.1
Project("{FAE04EC0-301F-11D3-BF4B-00C04F79EFBC}") = "FilmArsivim", "FilmArsivim\FilmArsivim.csproj", "{EAF0C846-78D4-4C4E-98A6-B75E7E301244}"
EndProject
Global
	GlobalSection(SolutionConfigurationPlatforms) = preSolution
		Debug|Any CPU = Debug|Any CPU
		Release|Any CPU = Release|Any CPU
	EndGlobalSection
	GlobalSection(ProjectConfigurationPlatforms) = postSolution
		{EAF0C846-78D4-4C4E-98A6-B75E7E301244}.Debug|Any CPU.ActiveCfg = Debug|Any CPU
		{EAF0C846-78D4-4C4E-98A6-B75E7E301244}.Debug|Any CPU.Build.0 = Debug|Any CPU
		{EAF0C846-78D4-4C4E-98A6-B75E7E301244}.Release|Any CPU.ActiveCfg = Release|Any CPU
		{EAF0C846-78D4-4C4E-98A6-B75E7E301244}.Release|Any CPU.Build.0 = Release|Any CPU
	EndGlobalSection
	GlobalSection(SolutionProperties) = preSolution
		HideSolutionNode = FALSE
	EndGlobalSection
	GlobalSection(ExtensibilityGlobals) = postSolution
		SolutionGuid = {E321F882-C8A8-425F-AD48-3D7A2C09329B}
	EndGlobalSection
EndGlobal
